PODS:
  - Flutter (1.0.0)
  - nexi_payment (1.0.0):
    - Flutter
    - Nexi_XPay
  - Nexi_XPay (1.2.9)

DEPENDENCIES:
  - Flutter (from `Flutter`)
  - nexi_payment (from `.symlinks/plugins/nexi_payment/ios`)

SPEC REPOS:
  trunk:
    - Nexi_XPay

EXTERNAL SOURCES:
  Flutter:
    :path: Flutter
  nexi_payment:
    :path: ".symlinks/plugins/nexi_payment/ios"

SPEC CHECKSUMS:
  Flutter: 434fef37c0980e73bb6479ef766c45957d4b510c
  nexi_payment: 16aa9f86a00369c8b41704f15cf0d0e3ba5998be
  Nexi_XPay: 174d542282d512c7417ef54bf11d187cbe7ec153

PODFILE CHECKSUM: aafe91acc616949ddb318b77800a7f51bffa2a4c

COCOAPODS: 1.10.0
