PODS:
  - Flutter (1.0.0)
  - nexi_payment (1.0.0):
    - Flutter
    - Nexi_XPay
  - Nexi_XPay (1.2.9)
  - shared_preferences (0.0.1):
    - Flutter

DEPENDENCIES:
  - Flutter (from `Flutter`)
  - nexi_payment (from `.symlinks/plugins/nexi_payment/ios`)
  - shared_preferences (from `.symlinks/plugins/shared_preferences/ios`)

SPEC REPOS:
  trunk:
    - Nexi_XPay

EXTERNAL SOURCES:
  Flutter:
    :path: Flutter
  nexi_payment:
    :path: ".symlinks/plugins/nexi_payment/ios"
  shared_preferences:
    :path: ".symlinks/plugins/shared_preferences/ios"

SPEC CHECKSUMS:
  Flutter: 50d75fe2f02b26cc09d224853bb45737f8b3214a
  nexi_payment: 16aa9f86a00369c8b41704f15cf0d0e3ba5998be
  Nexi_XPay: 174d542282d512c7417ef54bf11d187cbe7ec153
  shared_preferences: 5033afbb22d372e15aff8ff766df9021b845f273

PODFILE CHECKSUM: aafe91acc616949ddb318b77800a7f51bffa2a4c

COCOAPODS: 1.10.1
